<?xml version="1.0" encoding="utf-8"?>
<Project ToolsVersion="4.0" xmlns="http://schemas.microsoft.com/developer/msbuild/2003">
  <ItemGroup>
    <Filter Include="Source Files">
      <UniqueIdentifier>{4FC737F1-C7A5-4376-A066-2A32D752A2FF}</UniqueIdentifier>
      <Extensions>cpp;c;cc;cxx;def;odl;idl;hpj;bat;asm;asmx</Extensions>
    </Filter>
    <Filter Include="Header Files">
      <UniqueIdentifier>{93995380-89BD-4b04-88EB-625FBE52EBFB}</UniqueIdentifier>
      <Extensions>h;hh;hpp;hxx;hm;inl;inc;xsd</Extensions>
    </Filter>
    <Filter Include="Resource Files">
      <UniqueIdentifier>{67DA6AB6-F800-4c08-8B7A-83BB121AAD01}</UniqueIdentifier>
      <Extensions>rc;ico;cur;bmp;dlg;rc2;rct;bin;rgs;gif;jpg;jpeg;jpe;resx;tiff;tif;png;wav;mfcribbon-ms</Extensions>
    </Filter>
    <Filter Include="Examples">
      <UniqueIdentifier>{d9850dfc-8d8c-452b-b9df-8fe565481ad5}</UniqueIdentifier>
    </Filter>
  </ItemGroup>
  <ItemGroup>
    <ClCompile Include="ErrorHandler.c">
      <Filter>Source Files</Filter>
    </ClCompile>
    <ClCompile Include="Commands.c">
      <Filter>Source Files</Filter>
    </ClCompile>
    <ClCompile Include="AssemblyCompiler.c">
      <Filter>Source Files</Filter>
    </ClCompile>
    <ClCompile Include="Assembler.c">
      <Filter>Source Files</Filter>
    </ClCompile>
    <ClCompile Include="StringFuncs.c">
      <Filter>Source Files</Filter>
    </ClCompile>
    <ClCompile Include="OutputCreator.c">
      <Filter>Source Files</Filter>
    </ClCompile>
    <ClCompile Include="NodesList.c">
      <Filter>Source Files</Filter>
    </ClCompile>
    <ClCompile Include="InstructionHandler.c">
      <Filter>Source Files</Filter>
    </ClCompile>
    <ClCompile Include="InformationTranslator.c">
      <Filter>Source Files</Filter>
    </ClCompile>
    <ClCompile Include="InformationHolder.c">
      <Filter>Source Files</Filter>
    </ClCompile>
    <ClCompile Include="GuidelineHandler.c">
      <Filter>Source Files</Filter>
    </ClCompile>
    <ClCompile Include="Utils.c">
      <Filter>Source Files</Filter>
    </ClCompile>
    <ClCompile Include="AssemblyLine.c">
      <Filter>Source Files</Filter>
    </ClCompile>
  </ItemGroup>
  <ItemGroup>
    <ClInclude Include="Assembler.h">
      <Filter>Header Files</Filter>
    </ClInclude>
    <ClInclude Include="StringFuncs.h">
      <Filter>Header Files</Filter>
    </ClInclude>
    <ClInclude Include="OutputCreator.h">
      <Filter>Header Files</Filter>
    </ClInclude>
    <ClInclude Include="NodesList.h">
      <Filter>Header Files</Filter>
    </ClInclude>
    <ClInclude Include="InstructionHandler.h">
      <Filter>Header Files</Filter>
    </ClInclude>
    <ClInclude Include="InformationTranslator.h">
      <Filter>Header Files</Filter>
    </ClInclude>
    <ClInclude Include="InformationHolder.h">
      <Filter>Header Files</Filter>
    </ClInclude>
    <ClInclude Include="GuidelineHandler.h">
      <Filter>Header Files</Filter>
    </ClInclude>
    <ClInclude Include="ErrorHandler.h">
      <Filter>Header Files</Filter>
    </ClInclude>
    <ClInclude Include="Commands.h">
      <Filter>Header Files</Filter>
    </ClInclude>
    <ClInclude Include="AssemblyCompiler.h">
      <Filter>Header Files</Filter>
    </ClInclude>
    <ClInclude Include="Utils.h">
      <Filter>Header Files</Filter>
    </ClInclude>
    <ClInclude Include="General.h">
      <Filter>Header Files</Filter>
    </ClInclude>
    <ClInclude Include="AssemblyLine.h">
      <Filter>Header Files</Filter>
    </ClInclude>
    <ClInclude Include="Word.h">
      <Filter>Header Files</Filter>
    </ClInclude>
  </ItemGroup>
  <ItemGroup>
    <None Include="ps.as">
      <Filter>Examples</Filter>
    </None>
    <None Include="ps.ent">
      <Filter>Examples</Filter>
    </None>
    <None Include="ps.ext">
      <Filter>Examples</Filter>
    </None>
    <None Include="ps.ob">
      <Filter>Examples</Filter>
    </None>
  </ItemGroup>
</Project>